
Microsoft Visual Studio Solution File, Format Version 12.00
# Visual Studio 15
VisualStudioVersion = 15.0.27004.2008
MinimumVisualStudioVersion = 10.0.40219.1
Project("{9A19103F-16F7-4668-BE54-9A1E7A4F7556}") = "BlueForceTracker", "BlueForceTracker\BlueForceTracker.csproj", "{951C91F3-2175-46D7-B785-EFBE655D39A0}"
EndProject
Project("{9A19103F-16F7-4668-BE54-9A1E7A4F7556}") = "GpsTrackSpoofer", "GpsTrackSpoofer\GpsTrackSpoofer.csproj", "{65AD9CA0-8362-48C6-82ED-B5DEB573B5A7}"
EndProject
Global
	GlobalSection(SolutionConfigurationPlatforms) = preSolution
		Debug|Any CPU = Debug|Any CPU
		Release|Any CPU = Release|Any CPU
	EndGlobalSection
	GlobalSection(ProjectConfigurationPlatforms) = postSolution
		{951C91F3-2175-46D7-B785-EFBE655D39A0}.Debug|Any CPU.ActiveCfg = Debug|Any CPU
		{951C91F3-2175-46D7-B785-EFBE655D39A0}.Debug|Any CPU.Build.0 = Debug|Any CPU
		{951C91F3-2175-46D7-B785-EFBE655D39A0}.Release|Any CPU.ActiveCfg = Release|Any CPU
		{951C91F3-2175-46D7-B785-EFBE655D39A0}.Release|Any CPU.Build.0 = Release|Any CPU
		{65AD9CA0-8362-48C6-82ED-B5DEB573B5A7}.Debug|Any CPU.ActiveCfg = Debug|Any CPU
		{65AD9CA0-8362-48C6-82ED-B5DEB573B5A7}.Debug|Any CPU.Build.0 = Debug|Any CPU
		{65AD9CA0-8362-48C6-82ED-B5DEB573B5A7}.Release|Any CPU.ActiveCfg = Release|Any CPU
		{65AD9CA0-8362-48C6-82ED-B5DEB573B5A7}.Release|Any CPU.Build.0 = Release|Any CPU
	EndGlobalSection
	GlobalSection(SolutionProperties) = preSolution
		HideSolutionNode = FALSE
	EndGlobalSection
	GlobalSection(ExtensibilityGlobals) = postSolution
		SolutionGuid = {56811041-25A7-455D-8273-5DA9DD808072}
	EndGlobalSection
EndGlobal
